# THIS IS AN AUTOGENERATED FILE. DO NOT EDIT THIS FILE DIRECTLY.
# yarn lockfile v1


"@fortawesome/fontawesome-free@^5.13.1":
  version "5.13.1"
  resolved "https://registry.yarnpkg.com/@fortawesome/fontawesome-free/-/fontawesome-free-5.13.1.tgz#c53b4066edae16cd1fd669f687baf031b45fb9d6"
  integrity sha512-D819f34FLHeBN/4xvw0HR0u7U2G7RqjPSggXqf7LktsxWQ48VAfGwvMrhcVuaZV2fF069c/619RdgCCms0DHhw==

bootstrap@^4.5.0:
  version "4.5.0"
  resolved "https://registry.yarnpkg.com/bootstrap/-/bootstrap-4.5.0.tgz#97d9dbcb5a8972f8722c9962483543b907d9b9ec"
  integrity sha512-Z93QoXvodoVslA+PWNdk23Hze4RBYIkpb5h8I2HY2Tu2h7A0LpAgLcyrhrSUyo2/Oxm2l1fRZPs1e5hnxnliXA==

clipboard@^2.0.6:
  version "2.0.6"
  resolved "https://registry.yarnpkg.com/clipboard/-/clipboard-2.0.6.tgz#52921296eec0fdf77ead1749421b21c968647376"
  integrity sha512-g5zbiixBRk/wyKakSwCKd7vQXDjFnAMGHoEyBogG/bw9kTD9GvdAvaoRR1ALcEzt3pVKxZR0pViekPMIS0QyGg==
  dependencies:
    good-listener "^1.2.2"
    select "^1.1.2"
    tiny-emitter "^2.0.0"

delegate@^3.1.2:
  version "3.2.0"
  resolved "https://registry.yarnpkg.com/delegate/-/delegate-3.2.0.tgz#b66b71c3158522e8ab5744f720d8ca0c2af59166"
  integrity sha512-IofjkYBZaZivn0V8nnsMJGBr4jVLxHDheKSW88PyxS5QC4Vo9ZbZVvhzlSxY87fVq3STR6r+4cGepyHkcWOQSw==

good-listener@^1.2.2:
  version "1.2.2"
  resolved "https://registry.yarnpkg.com/good-listener/-/good-listener-1.2.2.tgz#d53b30cdf9313dffb7dc9a0d477096aa6d145c50"
  integrity sha1-1TswzfkxPf+33JoNR3CWqm0UXFA=
  dependencies:
    delegate "^3.1.2"

jquery-ui@^1.12.1:
  version "1.12.1"
  resolved "https://registry.yarnpkg.com/jquery-ui/-/jquery-ui-1.12.1.tgz#bcb4045c8dd0539c134bc1488cdd3e768a7a9e51"
  integrity sha1-vLQEXI3QU5wTS8FIjN0+dop6nlE=

jquery-ujs@^1.2.2:
  version "1.2.2"
  resolved "https://registry.yarnpkg.com/jquery-ujs/-/jquery-ujs-1.2.2.tgz#6a8ef1020e6b6dda385b90a4bddc128c21c56397"
  integrity sha1-ao7xAg5rbdo4W5CkvdwSjCHFY5c=
  dependencies:
    jquery ">=1.8.0"

jquery@>=1.8.0, jquery@^3.5.1:
  version "3.5.1"
  resolved "https://registry.yarnpkg.com/jquery/-/jquery-3.5.1.tgz#d7b4d08e1bfdb86ad2f1a3d039ea17304717abb5"
  integrity sha512-XwIBPqcMn57FxfT+Go5pzySnm4KWkT1Tv7gjrpT1srtf8Weynl6R273VJ5GjkRb51IzMp5nbaPjJXMWeju2MKg==

popper.js@^1.16.1:
  version "1.16.1"
  resolved "https://registry.yarnpkg.com/popper.js/-/popper.js-1.16.1.tgz#2a223cb3dc7b6213d740e40372be40de43e65b1b"
  integrity sha512-Wb4p1J4zyFTbM+u6WuO4XstYx4Ky9Cewe4DWrel7B0w6VVICvPwdOpotjzcf6eD8TsckVnIMNONQyPIUFOUbCQ==

rails-ujs@^5.2.4-3:
  version "5.2.4-3"
  resolved "https://registry.yarnpkg.com/rails-ujs/-/rails-ujs-5.2.4-3.tgz#b2c428a03bec90e058f8938fb64ae194e7294db8"
  integrity sha512-3UfULgTllMyO5B7gLxxjjvkVubha3FKiTzHY+4q3Hcku5A6Zbnc4kWxTuqL6s5r+ipwEx6Zddqz1DEpVLSbxbQ==

select@^1.1.2:
  version "1.1.2"
  resolved "https://registry.yarnpkg.com/select/-/select-1.1.2.tgz#0e7350acdec80b1108528786ec1d4418d11b396d"
  integrity sha1-DnNQrN7ICxEIUoeG7B1EGNEbOW0=

tiny-emitter@^2.0.0:
  version "2.1.0"
  resolved "https://registry.yarnpkg.com/tiny-emitter/-/tiny-emitter-2.1.0.tgz#1d1a56edfc51c43e863cbb5382a72330e3555423"
  integrity sha512-NB6Dk1A9xgQPMoGqC5CVXn123gWyte215ONT5Pp5a0yt4nlEoO1ZWeCwpncaekPHXO60i47ihFnZPiRPjRMq4Q==
